{
  "nodes": {
    "emacs-overlay": {
      "locked": {
        "lastModified": 1645201754,
        "narHash": "sha256-pwOVu8W+s9lak2RMON85ZHYIn9olECGqY9Ydt6Y/URA=",
        "owner": "nix-community",
        "repo": "emacs-overlay",
        "rev": "396182cd543073db96ea696bd2a41cb24e87781f",
        "type": "github"
      },
      "original": {
        "owner": "nix-community",
        "repo": "emacs-overlay",
        "rev": "396182cd543073db96ea696bd2a41cb24e87781f",
        "type": "github"
      }
    },
    "flake-utils": {
      "locked": {
        "lastModified": 1631561581,
        "narHash": "sha256-3VQMV5zvxaVLvqqUrNz3iJelLw30mIVSfZmAaauM3dA=",
        "owner": "numtide",
        "repo": "flake-utils",
        "rev": "7e5bf3925f6fbdfaf50a2a7ca0be2879c4261d19",
        "type": "github"
      },
      "original": {
        "owner": "numtide",
        "repo": "flake-utils",
        "type": "github"
      }
    },
    "home-manager": {
      "inputs": {
        "nixpkgs": [
          "nixpkgs"
        ]
      },
      "locked": {
        "lastModified": 1644255659,
        "narHash": "sha256-VuPFOttrBRTOJqPY5yboxVdk1xZjSSlOSDDbBCMKioo=",
        "owner": "nix-community",
        "repo": "home-manager",
        "rev": "1ca6293c8fb1dbe13c48fe518440c288256cd562",
        "type": "github"
      },
      "original": {
        "owner": "nix-community",
        "ref": "master",
        "repo": "home-manager",
        "type": "github"
      }
    },
    "kmonad": {
      "inputs": {
        "flake-utils": "flake-utils",
        "nixpkgs": [
          "nixpkgs"
        ]
      },
      "locked": {
        "dir": "nix",
        "lastModified": 1643096815,
        "narHash": "sha256-oLp+Xfo2lPcCvc2wvobAXj1dosKrdEgpHstSSI2r1WQ=",
        "owner": "kmonad",
        "repo": "kmonad",
        "rev": "2cc865bcfc255e16225f1980d214188a99205297",
        "type": "github"
      },
      "original": {
        "dir": "nix",
        "owner": "kmonad",
        "repo": "kmonad",
        "type": "github"
      }
    },
    "nix-store-emacs-packages": {
      "inputs": {
        "nixpkgs": [
          "nixpkgs"
        ]
      },
      "locked": {
        "lastModified": 1643892541,
        "narHash": "sha256-cJAz4GzZ9K7oK5rUaZIRYays//VZsIwtflw68cpdtCA=",
        "owner": "teu5us",
        "repo": "nix-store-emacs-packages",
        "rev": "88c82a6b1be4459ad788b0a9bbe67849c777b783",
        "type": "github"
      },
      "original": {
        "owner": "teu5us",
        "repo": "nix-store-emacs-packages",
        "type": "github"
      }
    },
    "nixpkgs": {
      "locked": {
        "lastModified": 1644193793,
        "narHash": "sha256-ggCI5LCXwkUJQwjpkr9qDFbQMiK3JvAfeNR4Uy0ny5Q=",
        "owner": "NixOS",
        "repo": "nixpkgs",
        "rev": "521e4d7d13b09bc0a21976b9d19abd197d4e3b1e",
        "type": "github"
      },
      "original": {
        "owner": "NixOS",
        "ref": "nixos-21.11",
        "repo": "nixpkgs",
        "type": "github"
      }
    },
    "root": {
      "inputs": {
        "emacs-overlay": "emacs-overlay",
        "home-manager": "home-manager",
        "kmonad": "kmonad",
        "nix-store-emacs-packages": "nix-store-emacs-packages",
        "nixpkgs": "nixpkgs"
      }
    }
  },
  "root": "root",
  "version": 7
}
