{
  "nodes": {
    "emacs-overlay": {
      "inputs": {
        "flake-utils": "flake-utils",
        "nixpkgs": "nixpkgs"
      },
      "locked": {
        "lastModified": 1662003342,
        "narHash": "sha256-1zWYm5uFYyLmvtUFIR3VvutVOUq7hNgxBklSbn5bXn4=",
        "owner": "nix-community",
        "repo": "emacs-overlay",
        "rev": "60a3d81954e22bec763576e8ed3f308703da3e02",
        "type": "github"
      },
      "original": {
        "owner": "nix-community",
        "repo": "emacs-overlay",
        "type": "github"
      }
    },
    "flake-utils": {
      "locked": {
        "lastModified": 1659877975,
        "narHash": "sha256-zllb8aq3YO3h8B/U0/J1WBgAL8EX5yWf5pMj3G0NAmc=",
        "owner": "numtide",
        "repo": "flake-utils",
        "rev": "c0e246b9b83f637f4681389ecabcb2681b4f3af0",
        "type": "github"
      },
      "original": {
        "owner": "numtide",
        "repo": "flake-utils",
        "type": "github"
      }
    },
    "home-manager": {
      "inputs": {
        "nixpkgs": [
          "nixpkgs"
        ],
        "utils": "utils"
      },
      "locked": {
        "lastModified": 1661824092,
        "narHash": "sha256-nSWLWytlXbeLrx5A+r5Pso7CvVrX5EgmIIXW/EXvPHQ=",
        "owner": "nix-community",
        "repo": "home-manager",
        "rev": "5bd66dc6cd967033489c69d486402b75d338eeb6",
        "type": "github"
      },
      "original": {
        "owner": "nix-community",
        "ref": "master",
        "repo": "home-manager",
        "type": "github"
      }
    },
    "kmonad": {
      "inputs": {
        "nixpkgs": [
          "nixpkgs"
        ]
      },
      "locked": {
        "dir": "nix",
        "lastModified": 1661059282,
        "narHash": "sha256-EDC2Dcn30UsPNfKGFY4c7vCZLtbmS8q7TBqrQmfbsWs=",
        "owner": "kmonad",
        "repo": "kmonad",
        "rev": "296e463fe7761a919a2a3e39599293526ce55454",
        "type": "github"
      },
      "original": {
        "dir": "nix",
        "owner": "kmonad",
        "repo": "kmonad",
        "type": "github"
      }
    },
    "nix-store-emacs-packages": {
      "inputs": {
        "nixpkgs": [
          "nixpkgs"
        ]
      },
      "locked": {
        "lastModified": 1644905211,
        "narHash": "sha256-HyAZM726ZF0HjICIbDKmXmtuBMxptpg8mAuCKPdNxzo=",
        "owner": "teu5us",
        "repo": "nix-store-emacs-packages",
        "rev": "487aa4cd5c0d890f670c38064616b86282042b91",
        "type": "github"
      },
      "original": {
        "owner": "teu5us",
        "repo": "nix-store-emacs-packages",
        "type": "github"
      }
    },
    "nixpkgs": {
      "locked": {
        "lastModified": 0,
        "narHash": "sha256-/yzkX+10sJhYNIcTtZ5ObS+nh/HrJp01XLaubzbRDcU=",
        "path": "/nix/store/ii4gb8z67b0m0cz7gci16vlcwrhhwny5-source",
        "type": "path"
      },
      "original": {
        "id": "nixpkgs",
        "type": "indirect"
      }
    },
    "nixpkgs_2": {
      "locked": {
        "lastModified": 1661972992,
        "narHash": "sha256-50235YW76Jnx4okogoJv/sMz+WNnqC+0DqtkV3jm2XM=",
        "owner": "NixOS",
        "repo": "nixpkgs",
        "rev": "067d5d5b89133efcda060bba31f9941c6396e3ee",
        "type": "github"
      },
      "original": {
        "owner": "NixOS",
        "ref": "nixos-22.05",
        "repo": "nixpkgs",
        "type": "github"
      }
    },
    "root": {
      "inputs": {
        "emacs-overlay": "emacs-overlay",
        "home-manager": "home-manager",
        "kmonad": "kmonad",
        "nix-store-emacs-packages": "nix-store-emacs-packages",
        "nixpkgs": "nixpkgs_2",
        "yandex-browser": "yandex-browser"
      }
    },
    "utils": {
      "locked": {
        "lastModified": 1653893745,
        "narHash": "sha256-0jntwV3Z8//YwuOjzhV2sgJJPt+HY6KhU7VZUL0fKZQ=",
        "owner": "numtide",
        "repo": "flake-utils",
        "rev": "1ed9fb1935d260de5fe1c2f7ee0ebaae17ed2fa1",
        "type": "github"
      },
      "original": {
        "owner": "numtide",
        "repo": "flake-utils",
        "type": "github"
      }
    },
    "yandex-browser": {
      "inputs": {
        "nixpkgs": [
          "nixpkgs"
        ]
      },
      "locked": {
        "lastModified": 1662004619,
        "narHash": "sha256-mqe3eCp5iMw55fXkibWcabmkeEg3E2C6XSVIHYDXt3w=",
        "owner": "Teu5us",
        "repo": "nix-yandex-browser",
        "rev": "e6999f4abd3effd5e7905ca03414e6b750a328f5",
        "type": "github"
      },
      "original": {
        "owner": "Teu5us",
        "repo": "nix-yandex-browser",
        "type": "github"
      }
    }
  },
  "root": "root",
  "version": 7
}
